// !$*UTF8*$!
{
	archiveVersion = 1;
	classes = {
	};
	objectVersion = 46;
	objects = {

/* Begin PBXBuildFile section */
		FBCA53551D674CE900F68AC2 /* AppDelegate.swift in Sources */ = {isa = PBXBuildFile; fileRef = FBCA53541D674CE900F68AC2 /* AppDelegate.swift */; };
		FBCA53571D674CE900F68AC2 /* ViewController.swift in Sources */ = {isa = PBXBuildFile; fileRef = FBCA53561D674CE900F68AC2 /* ViewController.swift */; };
		FBCA535A1D674CE900F68AC2 /* Main.storyboard in Resources */ = {isa = PBXBuildFile; fileRef = FBCA53581D674CE900F68AC2 /* Main.storyboard */; };
		FBCA535C1D674CE900F68AC2 /* Assets.xcassets in Resources */ = {isa = PBXBuildFile; fileRef = FBCA535B1D674CE900F68AC2 /* Assets.xcassets */; };
		FBCA535F1D674CE900F68AC2 /* LaunchScreen.storyboard in Resources */ = {isa = PBXBuildFile; fileRef = FBCA535D1D674CE900F68AC2 /* LaunchScreen.storyboard */; };
/* End PBXBuildFile section */

/* Begin PBXFileReference section */
		FBCA53511D674CE900F68AC2 /* Triangulos.app */ = {isa = PBXFileReference; explicitFileType = wrapper.application; includeInIndex = 0; path = Triangulos.app; sourceTree = BUILT_PRODUCTS_DIR; };
		FBCA53541D674CE900F68AC2 /* AppDelegate.swift */ = {isa = PBXFileReference; lastKnownFileType = sourcecode.swift; path = AppDelegate.swift; sourceTree = "<group>"; };
		FBCA53561D674CE900F68AC2 /* ViewController.swift */ = {isa = PBXFileReference; lastKnownFileType = sourcecode.swift; path = ViewController.swift; sourceTree = "<group>"; };
		FBCA53591D674CE900F68AC2 /* Base */ = {isa = PBXFileReference; lastKnownFileType = file.storyboard; name = Base; path = Base.lproj/Main.storyboard; sourceTree = "<group>"; };
		FBCA535B1D674CE900F68AC2 /* Assets.xcassets */ = {isa = PBXFileReference; lastKnownFileType = folder.assetcatalog; path = Assets.xcassets; sourceTree = "<group>"; };
		FBCA535E1D674CE900F68AC2 /* Base */ = {isa = PBXFileReference; lastKnownFileType = file.storyboard; name = Base; path = Base.lproj/LaunchScreen.storyboard; sourceTree = "<group>"; };
		FBCA53601D674CE900F68AC2 /* Info.plist */ = {isa = PBXFileReference; lastKnownFileType = text.plist.xml; path = Info.plist; sourceTree = "<group>"; };
/* End PBXFileReference section */

/* Begin PBXFrameworksBuildPhase section */
		FBCA534E1D674CE900F68AC2 /* Frameworks */ = {
			isa = PBXFrameworksBuildPhase;
			buildActionMask = 2147483647;
			files = (
			);
			runOnlyForDeploymentPostprocessing = 0;
		};
/* End PBXFrameworksBuildPhase section */

/* Begin PBXGroup section */
		FBCA53481D674CE900F68AC2 = {
			isa = PBXGroup;
			children = (
				FBCA53531D674CE900F68AC2 /* Triangulos */,
				FBCA53521D674CE900F68AC2 /* Products */,
			);
			sourceTree = "<group>";
		};
		FBCA53521D674CE900F68AC2 /* Products */ = {
			isa = PBXGroup;
			children = (
				FBCA53511D674CE900F68AC2 /* Triangulos.app */,
			);
			name = Products;
			sourceTree = "<group>";
		};
		FBCA53531D674CE900F68AC2 /* Triangulos */ = {
			isa = PBXGroup;
			children = (
				FBCA53541D674CE900F68AC2 /* AppDelegate.swift */,
				FBCA53561D674CE900F68AC2 /* ViewController.swift */,
				FBCA53581D674CE900F68AC2 /* Main.storyboard */,
				FBCA535B1D674CE900F68AC2 /* Assets.xcassets */,
				FBCA535D1D674CE900F68AC2 /* LaunchScreen.storyboard */,
				FBCA53601D674CE900F68AC2 /* Info.plist */,
			);
			path = Triangulos;
			sourceTree = "<group>";
		};
/* End PBXGroup section */

/* Begin PBXNativeTarget section */
		FBCA53501D674CE900F68AC2 /* Triangulos */ = {
			isa = PBXNativeTarget;
			buildConfigurationList = FBCA53631D674CE900F68AC2 /* Build configuration list for PBXNativeTarget "Triangulos" */;
			buildPhases = (
				FBCA534D1D674CE900F68AC2 /* Sources */,
				FBCA534E1D674CE900F68AC2 /* Frameworks */,
				FBCA534F1D674CE900F68AC2 /* Resources */,
			);
			buildRules = (
			);
			dependencies = (
			);
			name = Triangulos;
			productName = Triangulos;
			productReference = FBCA53511D674CE900F68AC2 /* Triangulos.app */;
			productType = "com.apple.product-type.application";
		};
/* End PBXNativeTarget section */

/* Begin PBXProject section */
		FBCA53491D674CE900F68AC2 /* Project object */ = {
			isa = PBXProject;
			attributes = {
				LastSwiftUpdateCheck = 0730;
				LastUpgradeCheck = 0730;
				ORGANIZATIONNAME = alumno;
				TargetAttributes = {
					FBCA53501D674CE900F68AC2 = {
						CreatedOnToolsVersion = 7.3.1;
					};
				};
			};
			buildConfigurationList = FBCA534C1D674CE900F68AC2 /* Build configuration list for PBXProject "Triangulos" */;
			compatibilityVersion = "Xcode 3.2";
			developmentRegion = English;
			hasScannedForEncodings = 0;
			knownRegions = (
				en,
				Base,
			);
			mainGroup = FBCA53481D674CE900F68AC2;
			productRefGroup = FBCA53521D674CE900F68AC2 /* Products */;
			projectDirPath = "";
			projectRoot = "";
			targets = (
				FBCA53501D674CE900F68AC2 /* Triangulos */,
			);
		};
/* End PBXProject section */

/* Begin PBXResourcesBuildPhase section */
		FBCA534F1D674CE900F68AC2 /* Resources */ = {
			isa = PBXResourcesBuildPhase;
			buildActionMask = 2147483647;
			files = (
				FBCA535F1D674CE900F68AC2 /* LaunchScreen.storyboard in Resources */,
				FBCA535C1D674CE900F68AC2 /* Assets.xcassets in Resources */,
				FBCA535A1D674CE900F68AC2 /* Main.storyboard in Resources */,
			);
			runOnlyForDeploymentPostprocessing = 0;
		};
/* End PBXResourcesBuildPhase section */

/* Begin PBXSourcesBuildPhase section */
		FBCA534D1D674CE900F68AC2 /* Sources */ = {
			isa = PBXSourcesBuildPhase;
			buildActionMask = 2147483647;
			files = (
				FBCA53571D674CE900F68AC2 /* ViewController.swift in Sources */,
				FBCA53551D674CE900F68AC2 /* AppDelegate.swift in Sources */,
			);
			runOnlyForDeploymentPostprocessing = 0;
		};
/* End PBXSourcesBuildPhase section */

/* Begin PBXVariantGroup section */
		FBCA53581D674CE900F68AC2 /* Main.storyboard */ = {
			isa = PBXVariantGroup;
			children = (
				FBCA53591D674CE900F68AC2 /* Base */,
			);
			name = Main.storyboard;
			sourceTree = "<group>";
		};
		FBCA535D1D674CE900F68AC2 /* LaunchScreen.storyboard */ = {
			isa = PBXVariantGroup;
			children = (
				FBCA535E1D674CE900F68AC2 /* Base */,
			);
			name = LaunchScreen.storyboard;
			sourceTree = "<group>";
		};
/* End PBXVariantGroup section */

/* Begin XCBuildConfiguration section */
		FBCA53611D674CE900F68AC2 /* Debug */ = {
			isa = XCBuildConfiguration;
			buildSettings = {
				ALWAYS_SEARCH_USER_PATHS = NO;
				CLANG_ANALYZER_NONNULL = YES;
				CLANG_CXX_LANGUAGE_STANDARD = "gnu++0x";
				CLANG_CXX_LIBRARY = "libc++";
				CLANG_ENABLE_MODULES = YES;
				CLANG_ENABLE_OBJC_ARC = YES;
				CLANG_WARN_BOOL_CONVERSION = YES;
				CLANG_WARN_CONSTANT_CONVERSION = YES;
				CLANG_WARN_DIRECT_OBJC_ISA_USAGE = YES_ERROR;
				CLANG_WARN_EMPTY_BODY = YES;
				CLANG_WARN_ENUM_CONVERSION = YES;
				CLANG_WARN_INT_CONVERSION = YES;
				CLANG_WARN_OBJC_ROOT_CLASS = YES_ERROR;
				CLANG_WARN_UNREACHABLE_CODE = YES;
				CLANG_WARN__DUPLICATE_METHOD_MATCH = YES;
				"CODE_SIGN_IDENTITY[sdk=iphoneos*]" = "iPhone Developer";
				COPY_PHASE_STRIP = NO;
				DEBUG_INFORMATION_FORMAT = dwarf;
				ENABLE_STRICT_OBJC_MSGSEND = YES;
				ENABLE_TESTABILITY = YES;
				GCC_C_LANGUAGE_STANDARD = gnu99;
				GCC_DYNAMIC_NO_PIC = NO;
				GCC_NO_COMMON_BLOCKS = YES;
				GCC_OPTIMIZATION_LEVEL = 0;
				GCC_PREPROCESSOR_DEFINITIONS = (
					"DEBUG=1",
					"$(inherited)",
				);
				GCC_WARN_64_TO_32_BIT_CONVERSION = YES;
				GCC_WARN_ABOUT_RETURN_TYPE = YES_ERROR;
				GCC_WARN_UNDECLARED_SELECTOR = YES;
				GCC_WARN_UNINITIALIZED_AUTOS = YES_AGGRESSIVE;
				GCC_WARN_UNUSED_FUNCTION = YES;
				GCC_WARN_UNUSED_VARIABLE = YES;
				IPHONEOS_DEPLOYMENT_TARGET = 9.3;
				MTL_ENABLE_DEBUG_INFO = YES;
				ONLY_ACTIVE_ARCH = YES;
				SDKROOT = iphoneos;
				SWIFT_OPTIMIZATION_LEVEL = "-Onone";
			};
			name = Debug;
		};
		FBCA53621D674CE900F68AC2 /* Release */ = {
			isa = XCBuildConfiguration;
			buildSettings = {
				ALWAYS_SEARCH_USER_PATHS = NO;
				CLANG_ANALYZER_NONNULL = YES;
				CLANG_CXX_LANGUAGE_STANDARD = "gnu++0x";
				CLANG_CXX_LIBRARY = "libc++";
				CLANG_ENABLE_MODULES = YES;
				CLANG_ENABLE_OBJC_ARC = YES;
				CLANG_WARN_BOOL_CONVERSION = YES;
				CLANG_WARN_CONSTANT_CONVERSION = YES;
				CLANG_WARN_DIRECT_OBJC_ISA_USAGE = YES_ERROR;
				CLANG_WARN_EMPTY_BODY = YES;
				CLANG_WARN_ENUM_CONVERSION = YES;
				CLANG_WARN_INT_CONVERSION = YES;
				CLANG_WARN_OBJC_ROOT_CLASS = YES_ERROR;
				CLANG_WARN_UNREACHABLE_CODE = YES;
				CLANG_WARN__DUPLICATE_METHOD_MATCH = YES;
				"CODE_SIGN_IDENTITY[sdk=iphoneos*]" = "iPhone Developer";
				COPY_PHASE_STRIP = NO;
				DEBUG_INFORMATION_FORMAT = "dwarf-with-dsym";
				ENABLE_NS_ASSERTIONS = NO;
				ENABLE_STRICT_OBJC_MSGSEND = YES;
				GCC_C_LANGUAGE_STANDARD = gnu99;
				GCC_NO_COMMON_BLOCKS = YES;
				GCC_WARN_64_TO_32_BIT_CONVERSION = YES;
				GCC_WARN_ABOUT_RETURN_TYPE = YES_ERROR;
				GCC_WARN_UNDECLARED_SELECTOR = YES;
				GCC_WARN_UNINITIALIZED_AUTOS = YES_AGGRESSIVE;
				GCC_WARN_UNUSED_FUNCTION = YES;
				GCC_WARN_UNUSED_VARIABLE = YES;
				IPHONEOS_DEPLOYMENT_TARGET = 9.3;
				MTL_ENABLE_DEBUG_INFO = NO;
				SDKROOT = iphoneos;
				VALIDATE_PRODUCT = YES;
			};
			name = Release;
		};
		FBCA53641D674CE900F68AC2 /* Debug */ = {
			isa = XCBuildConfiguration;
			buildSettings = {
				ASSETCATALOG_COMPILER_APPICON_NAME = AppIcon;
				INFOPLIST_FILE = Triangulos/Info.plist;
				LD_RUNPATH_SEARCH_PATHS = "$(inherited) @executable_path/Frameworks";
				PRODUCT_BUNDLE_IDENTIFIER = alumno.demo.Triangulos;
				PRODUCT_NAME = "$(TARGET_NAME)";
			};
			name = Debug;
		};
		FBCA53651D674CE900F68AC2 /* Release */ = {
			isa = XCBuildConfiguration;
			buildSettings = {
				ASSETCATALOG_COMPILER_APPICON_NAME = AppIcon;
				INFOPLIST_FILE = Triangulos/Info.plist;
				LD_RUNPATH_SEARCH_PATHS = "$(inherited) @executable_path/Frameworks";
				PRODUCT_BUNDLE_IDENTIFIER = alumno.demo.Triangulos;
				PRODUCT_NAME = "$(TARGET_NAME)";
			};
			name = Release;
		};
/* End XCBuildConfiguration section */

/* Begin XCConfigurationList section */
		FBCA534C1D674CE900F68AC2 /* Build configuration list for PBXProject "Triangulos" */ = {
			isa = XCConfigurationList;
			buildConfigurations = (
				FBCA53611D674CE900F68AC2 /* Debug */,
				FBCA53621D674CE900F68AC2 /* Release */,
			);
			defaultConfigurationIsVisible = 0;
			defaultConfigurationName = Release;
		};
		FBCA53631D674CE900F68AC2 /* Build configuration list for PBXNativeTarget "Triangulos" */ = {
			isa = XCConfigurationList;
			buildConfigurations = (
				FBCA53641D674CE900F68AC2 /* Debug */,
				FBCA53651D674CE900F68AC2 /* Release */,
			);
			defaultConfigurationIsVisible = 0;
		};
/* End XCConfigurationList section */
	};
	rootObject = FBCA53491D674CE900F68AC2 /* Project object */;
}
