// !$*UTF8*$!
{
	archiveVersion = 1;
	classes = {
	};
	objectVersion = 46;
	objects = {

/* Begin PBXBuildFile section */
		FBE2B41E1D7DE04A00449433 /* AppDelegate.swift in Sources */ = {isa = PBXBuildFile; fileRef = FBE2B41D1D7DE04A00449433 /* AppDelegate.swift */; };
		FBE2B4201D7DE04A00449433 /* ViewController.swift in Sources */ = {isa = PBXBuildFile; fileRef = FBE2B41F1D7DE04A00449433 /* ViewController.swift */; };
		FBE2B4231D7DE04A00449433 /* Main.storyboard in Resources */ = {isa = PBXBuildFile; fileRef = FBE2B4211D7DE04A00449433 /* Main.storyboard */; };
		FBE2B4251D7DE04A00449433 /* Assets.xcassets in Resources */ = {isa = PBXBuildFile; fileRef = FBE2B4241D7DE04A00449433 /* Assets.xcassets */; };
		FBE2B4281D7DE04A00449433 /* LaunchScreen.storyboard in Resources */ = {isa = PBXBuildFile; fileRef = FBE2B4261D7DE04A00449433 /* LaunchScreen.storyboard */; };
		FBE2B4301D7DE9B000449433 /* ViewControllerDetalle.swift in Sources */ = {isa = PBXBuildFile; fileRef = FBE2B42F1D7DE9B000449433 /* ViewControllerDetalle.swift */; };
/* End PBXBuildFile section */

/* Begin PBXFileReference section */
		FBE2B41A1D7DE04A00449433 /* TableView.app */ = {isa = PBXFileReference; explicitFileType = wrapper.application; includeInIndex = 0; path = TableView.app; sourceTree = BUILT_PRODUCTS_DIR; };
		FBE2B41D1D7DE04A00449433 /* AppDelegate.swift */ = {isa = PBXFileReference; lastKnownFileType = sourcecode.swift; path = AppDelegate.swift; sourceTree = "<group>"; };
		FBE2B41F1D7DE04A00449433 /* ViewController.swift */ = {isa = PBXFileReference; lastKnownFileType = sourcecode.swift; path = ViewController.swift; sourceTree = "<group>"; };
		FBE2B4221D7DE04A00449433 /* Base */ = {isa = PBXFileReference; lastKnownFileType = file.storyboard; name = Base; path = Base.lproj/Main.storyboard; sourceTree = "<group>"; };
		FBE2B4241D7DE04A00449433 /* Assets.xcassets */ = {isa = PBXFileReference; lastKnownFileType = folder.assetcatalog; path = Assets.xcassets; sourceTree = "<group>"; };
		FBE2B4271D7DE04A00449433 /* Base */ = {isa = PBXFileReference; lastKnownFileType = file.storyboard; name = Base; path = Base.lproj/LaunchScreen.storyboard; sourceTree = "<group>"; };
		FBE2B4291D7DE04A00449433 /* Info.plist */ = {isa = PBXFileReference; lastKnownFileType = text.plist.xml; path = Info.plist; sourceTree = "<group>"; };
		FBE2B42F1D7DE9B000449433 /* ViewControllerDetalle.swift */ = {isa = PBXFileReference; fileEncoding = 4; lastKnownFileType = sourcecode.swift; path = ViewControllerDetalle.swift; sourceTree = "<group>"; };
/* End PBXFileReference section */

/* Begin PBXFrameworksBuildPhase section */
		FBE2B4171D7DE04A00449433 /* Frameworks */ = {
			isa = PBXFrameworksBuildPhase;
			buildActionMask = 2147483647;
			files = (
			);
			runOnlyForDeploymentPostprocessing = 0;
		};
/* End PBXFrameworksBuildPhase section */

/* Begin PBXGroup section */
		FBE2B4111D7DE04A00449433 = {
			isa = PBXGroup;
			children = (
				FBE2B41C1D7DE04A00449433 /* TableView */,
				FBE2B41B1D7DE04A00449433 /* Products */,
			);
			sourceTree = "<group>";
		};
		FBE2B41B1D7DE04A00449433 /* Products */ = {
			isa = PBXGroup;
			children = (
				FBE2B41A1D7DE04A00449433 /* TableView.app */,
			);
			name = Products;
			sourceTree = "<group>";
		};
		FBE2B41C1D7DE04A00449433 /* TableView */ = {
			isa = PBXGroup;
			children = (
				FBE2B41D1D7DE04A00449433 /* AppDelegate.swift */,
				FBE2B41F1D7DE04A00449433 /* ViewController.swift */,
				FBE2B4211D7DE04A00449433 /* Main.storyboard */,
				FBE2B42F1D7DE9B000449433 /* ViewControllerDetalle.swift */,
				FBE2B4241D7DE04A00449433 /* Assets.xcassets */,
				FBE2B4261D7DE04A00449433 /* LaunchScreen.storyboard */,
				FBE2B4291D7DE04A00449433 /* Info.plist */,
			);
			path = TableView;
			sourceTree = "<group>";
		};
/* End PBXGroup section */

/* Begin PBXNativeTarget section */
		FBE2B4191D7DE04A00449433 /* TableView */ = {
			isa = PBXNativeTarget;
			buildConfigurationList = FBE2B42C1D7DE04A00449433 /* Build configuration list for PBXNativeTarget "TableView" */;
			buildPhases = (
				FBE2B4161D7DE04A00449433 /* Sources */,
				FBE2B4171D7DE04A00449433 /* Frameworks */,
				FBE2B4181D7DE04A00449433 /* Resources */,
			);
			buildRules = (
			);
			dependencies = (
			);
			name = TableView;
			productName = TableView;
			productReference = FBE2B41A1D7DE04A00449433 /* TableView.app */;
			productType = "com.apple.product-type.application";
		};
/* End PBXNativeTarget section */

/* Begin PBXProject section */
		FBE2B4121D7DE04A00449433 /* Project object */ = {
			isa = PBXProject;
			attributes = {
				LastSwiftUpdateCheck = 0730;
				LastUpgradeCheck = 0730;
				ORGANIZATIONNAME = alumno;
				TargetAttributes = {
					FBE2B4191D7DE04A00449433 = {
						CreatedOnToolsVersion = 7.3.1;
					};
				};
			};
			buildConfigurationList = FBE2B4151D7DE04A00449433 /* Build configuration list for PBXProject "TableView" */;
			compatibilityVersion = "Xcode 3.2";
			developmentRegion = English;
			hasScannedForEncodings = 0;
			knownRegions = (
				en,
				Base,
			);
			mainGroup = FBE2B4111D7DE04A00449433;
			productRefGroup = FBE2B41B1D7DE04A00449433 /* Products */;
			projectDirPath = "";
			projectRoot = "";
			targets = (
				FBE2B4191D7DE04A00449433 /* TableView */,
			);
		};
/* End PBXProject section */

/* Begin PBXResourcesBuildPhase section */
		FBE2B4181D7DE04A00449433 /* Resources */ = {
			isa = PBXResourcesBuildPhase;
			buildActionMask = 2147483647;
			files = (
				FBE2B4281D7DE04A00449433 /* LaunchScreen.storyboard in Resources */,
				FBE2B4251D7DE04A00449433 /* Assets.xcassets in Resources */,
				FBE2B4231D7DE04A00449433 /* Main.storyboard in Resources */,
			);
			runOnlyForDeploymentPostprocessing = 0;
		};
/* End PBXResourcesBuildPhase section */

/* Begin PBXSourcesBuildPhase section */
		FBE2B4161D7DE04A00449433 /* Sources */ = {
			isa = PBXSourcesBuildPhase;
			buildActionMask = 2147483647;
			files = (
				FBE2B4201D7DE04A00449433 /* ViewController.swift in Sources */,
				FBE2B41E1D7DE04A00449433 /* AppDelegate.swift in Sources */,
				FBE2B4301D7DE9B000449433 /* ViewControllerDetalle.swift in Sources */,
			);
			runOnlyForDeploymentPostprocessing = 0;
		};
/* End PBXSourcesBuildPhase section */

/* Begin PBXVariantGroup section */
		FBE2B4211D7DE04A00449433 /* Main.storyboard */ = {
			isa = PBXVariantGroup;
			children = (
				FBE2B4221D7DE04A00449433 /* Base */,
			);
			name = Main.storyboard;
			sourceTree = "<group>";
		};
		FBE2B4261D7DE04A00449433 /* LaunchScreen.storyboard */ = {
			isa = PBXVariantGroup;
			children = (
				FBE2B4271D7DE04A00449433 /* Base */,
			);
			name = LaunchScreen.storyboard;
			sourceTree = "<group>";
		};
/* End PBXVariantGroup section */

/* Begin XCBuildConfiguration section */
		FBE2B42A1D7DE04A00449433 /* Debug */ = {
			isa = XCBuildConfiguration;
			buildSettings = {
				ALWAYS_SEARCH_USER_PATHS = NO;
				CLANG_ANALYZER_NONNULL = YES;
				CLANG_CXX_LANGUAGE_STANDARD = "gnu++0x";
				CLANG_CXX_LIBRARY = "libc++";
				CLANG_ENABLE_MODULES = YES;
				CLANG_ENABLE_OBJC_ARC = YES;
				CLANG_WARN_BOOL_CONVERSION = YES;
				CLANG_WARN_CONSTANT_CONVERSION = YES;
				CLANG_WARN_DIRECT_OBJC_ISA_USAGE = YES_ERROR;
				CLANG_WARN_EMPTY_BODY = YES;
				CLANG_WARN_ENUM_CONVERSION = YES;
				CLANG_WARN_INT_CONVERSION = YES;
				CLANG_WARN_OBJC_ROOT_CLASS = YES_ERROR;
				CLANG_WARN_UNREACHABLE_CODE = YES;
				CLANG_WARN__DUPLICATE_METHOD_MATCH = YES;
				"CODE_SIGN_IDENTITY[sdk=iphoneos*]" = "iPhone Developer";
				COPY_PHASE_STRIP = NO;
				DEBUG_INFORMATION_FORMAT = dwarf;
				ENABLE_STRICT_OBJC_MSGSEND = YES;
				ENABLE_TESTABILITY = YES;
				GCC_C_LANGUAGE_STANDARD = gnu99;
				GCC_DYNAMIC_NO_PIC = NO;
				GCC_NO_COMMON_BLOCKS = YES;
				GCC_OPTIMIZATION_LEVEL = 0;
				GCC_PREPROCESSOR_DEFINITIONS = (
					"DEBUG=1",
					"$(inherited)",
				);
				GCC_WARN_64_TO_32_BIT_CONVERSION = YES;
				GCC_WARN_ABOUT_RETURN_TYPE = YES_ERROR;
				GCC_WARN_UNDECLARED_SELECTOR = YES;
				GCC_WARN_UNINITIALIZED_AUTOS = YES_AGGRESSIVE;
				GCC_WARN_UNUSED_FUNCTION = YES;
				GCC_WARN_UNUSED_VARIABLE = YES;
				IPHONEOS_DEPLOYMENT_TARGET = 9.3;
				MTL_ENABLE_DEBUG_INFO = YES;
				ONLY_ACTIVE_ARCH = YES;
				SDKROOT = iphoneos;
				SWIFT_OPTIMIZATION_LEVEL = "-Onone";
			};
			name = Debug;
		};
		FBE2B42B1D7DE04A00449433 /* Release */ = {
			isa = XCBuildConfiguration;
			buildSettings = {
				ALWAYS_SEARCH_USER_PATHS = NO;
				CLANG_ANALYZER_NONNULL = YES;
				CLANG_CXX_LANGUAGE_STANDARD = "gnu++0x";
				CLANG_CXX_LIBRARY = "libc++";
				CLANG_ENABLE_MODULES = YES;
				CLANG_ENABLE_OBJC_ARC = YES;
				CLANG_WARN_BOOL_CONVERSION = YES;
				CLANG_WARN_CONSTANT_CONVERSION = YES;
				CLANG_WARN_DIRECT_OBJC_ISA_USAGE = YES_ERROR;
				CLANG_WARN_EMPTY_BODY = YES;
				CLANG_WARN_ENUM_CONVERSION = YES;
				CLANG_WARN_INT_CONVERSION = YES;
				CLANG_WARN_OBJC_ROOT_CLASS = YES_ERROR;
				CLANG_WARN_UNREACHABLE_CODE = YES;
				CLANG_WARN__DUPLICATE_METHOD_MATCH = YES;
				"CODE_SIGN_IDENTITY[sdk=iphoneos*]" = "iPhone Developer";
				COPY_PHASE_STRIP = NO;
				DEBUG_INFORMATION_FORMAT = "dwarf-with-dsym";
				ENABLE_NS_ASSERTIONS = NO;
				ENABLE_STRICT_OBJC_MSGSEND = YES;
				GCC_C_LANGUAGE_STANDARD = gnu99;
				GCC_NO_COMMON_BLOCKS = YES;
				GCC_WARN_64_TO_32_BIT_CONVERSION = YES;
				GCC_WARN_ABOUT_RETURN_TYPE = YES_ERROR;
				GCC_WARN_UNDECLARED_SELECTOR = YES;
				GCC_WARN_UNINITIALIZED_AUTOS = YES_AGGRESSIVE;
				GCC_WARN_UNUSED_FUNCTION = YES;
				GCC_WARN_UNUSED_VARIABLE = YES;
				IPHONEOS_DEPLOYMENT_TARGET = 9.3;
				MTL_ENABLE_DEBUG_INFO = NO;
				SDKROOT = iphoneos;
				VALIDATE_PRODUCT = YES;
			};
			name = Release;
		};
		FBE2B42D1D7DE04A00449433 /* Debug */ = {
			isa = XCBuildConfiguration;
			buildSettings = {
				ASSETCATALOG_COMPILER_APPICON_NAME = AppIcon;
				INFOPLIST_FILE = TableView/Info.plist;
				LD_RUNPATH_SEARCH_PATHS = "$(inherited) @executable_path/Frameworks";
				PRODUCT_BUNDLE_IDENTIFIER = alumno.demo.TableView;
				PRODUCT_NAME = "$(TARGET_NAME)";
			};
			name = Debug;
		};
		FBE2B42E1D7DE04A00449433 /* Release */ = {
			isa = XCBuildConfiguration;
			buildSettings = {
				ASSETCATALOG_COMPILER_APPICON_NAME = AppIcon;
				INFOPLIST_FILE = TableView/Info.plist;
				LD_RUNPATH_SEARCH_PATHS = "$(inherited) @executable_path/Frameworks";
				PRODUCT_BUNDLE_IDENTIFIER = alumno.demo.TableView;
				PRODUCT_NAME = "$(TARGET_NAME)";
			};
			name = Release;
		};
/* End XCBuildConfiguration section */

/* Begin XCConfigurationList section */
		FBE2B4151D7DE04A00449433 /* Build configuration list for PBXProject "TableView" */ = {
			isa = XCConfigurationList;
			buildConfigurations = (
				FBE2B42A1D7DE04A00449433 /* Debug */,
				FBE2B42B1D7DE04A00449433 /* Release */,
			);
			defaultConfigurationIsVisible = 0;
			defaultConfigurationName = Release;
		};
		FBE2B42C1D7DE04A00449433 /* Build configuration list for PBXNativeTarget "TableView" */ = {
			isa = XCConfigurationList;
			buildConfigurations = (
				FBE2B42D1D7DE04A00449433 /* Debug */,
				FBE2B42E1D7DE04A00449433 /* Release */,
			);
			defaultConfigurationIsVisible = 0;
		};
/* End XCConfigurationList section */
	};
	rootObject = FBE2B4121D7DE04A00449433 /* Project object */;
}
