// !$*UTF8*$!
{
	archiveVersion = 1;
	classes = {
	};
	objectVersion = 46;
	objects = {

/* Begin PBXBuildFile section */
		FB24187E1DB15603004505F2 /* AppDelegate.swift in Sources */ = {isa = PBXBuildFile; fileRef = FB24187D1DB15603004505F2 /* AppDelegate.swift */; };
		FB2418831DB15603004505F2 /* Main.storyboard in Resources */ = {isa = PBXBuildFile; fileRef = FB2418811DB15603004505F2 /* Main.storyboard */; };
		FB2418881DB15603004505F2 /* LaunchScreen.storyboard in Resources */ = {isa = PBXBuildFile; fileRef = FB2418861DB15603004505F2 /* LaunchScreen.storyboard */; };
		FB2418901DB15664004505F2 /* TableViewController.swift in Sources */ = {isa = PBXBuildFile; fileRef = FB24188F1DB15664004505F2 /* TableViewController.swift */; };
		FB2418921DB156CD004505F2 /* CustomTableViewCell.swift in Sources */ = {isa = PBXBuildFile; fileRef = FB2418911DB156CD004505F2 /* CustomTableViewCell.swift */; };
		FB77131F1DB1594100F0D190 /* Property List.plist in Resources */ = {isa = PBXBuildFile; fileRef = FB77131E1DB1594100F0D190 /* Property List.plist */; };
/* End PBXBuildFile section */

/* Begin PBXFileReference section */
		FB24187A1DB15603004505F2 /* CeldasALaMedida.app */ = {isa = PBXFileReference; explicitFileType = wrapper.application; includeInIndex = 0; path = CeldasALaMedida.app; sourceTree = BUILT_PRODUCTS_DIR; };
		FB24187D1DB15603004505F2 /* AppDelegate.swift */ = {isa = PBXFileReference; lastKnownFileType = sourcecode.swift; path = AppDelegate.swift; sourceTree = "<group>"; };
		FB2418821DB15603004505F2 /* Base */ = {isa = PBXFileReference; lastKnownFileType = file.storyboard; name = Base; path = Base.lproj/Main.storyboard; sourceTree = "<group>"; };
		FB2418871DB15603004505F2 /* Base */ = {isa = PBXFileReference; lastKnownFileType = file.storyboard; name = Base; path = Base.lproj/LaunchScreen.storyboard; sourceTree = "<group>"; };
		FB2418891DB15603004505F2 /* Info.plist */ = {isa = PBXFileReference; lastKnownFileType = text.plist.xml; path = Info.plist; sourceTree = "<group>"; };
		FB24188F1DB15664004505F2 /* TableViewController.swift */ = {isa = PBXFileReference; fileEncoding = 4; lastKnownFileType = sourcecode.swift; name = TableViewController.swift; path = ../TableViewController.swift; sourceTree = "<group>"; };
		FB2418911DB156CD004505F2 /* CustomTableViewCell.swift */ = {isa = PBXFileReference; fileEncoding = 4; lastKnownFileType = sourcecode.swift; path = CustomTableViewCell.swift; sourceTree = "<group>"; };
		FB77131E1DB1594100F0D190 /* Property List.plist */ = {isa = PBXFileReference; fileEncoding = 4; lastKnownFileType = text.plist.xml; path = "Property List.plist"; sourceTree = "<group>"; };
/* End PBXFileReference section */

/* Begin PBXFrameworksBuildPhase section */
		FB2418771DB15603004505F2 /* Frameworks */ = {
			isa = PBXFrameworksBuildPhase;
			buildActionMask = 2147483647;
			files = (
			);
			runOnlyForDeploymentPostprocessing = 0;
		};
/* End PBXFrameworksBuildPhase section */

/* Begin PBXGroup section */
		FB2418711DB15603004505F2 = {
			isa = PBXGroup;
			children = (
				FB24187C1DB15603004505F2 /* CeldasALaMedida */,
				FB24187B1DB15603004505F2 /* Products */,
			);
			sourceTree = "<group>";
		};
		FB24187B1DB15603004505F2 /* Products */ = {
			isa = PBXGroup;
			children = (
				FB24187A1DB15603004505F2 /* CeldasALaMedida.app */,
			);
			name = Products;
			sourceTree = "<group>";
		};
		FB24187C1DB15603004505F2 /* CeldasALaMedida */ = {
			isa = PBXGroup;
			children = (
				FB24188F1DB15664004505F2 /* TableViewController.swift */,
				FB77131E1DB1594100F0D190 /* Property List.plist */,
				FB24187D1DB15603004505F2 /* AppDelegate.swift */,
				FB2418811DB15603004505F2 /* Main.storyboard */,
				FB2418911DB156CD004505F2 /* CustomTableViewCell.swift */,
				FB2418861DB15603004505F2 /* LaunchScreen.storyboard */,
				FB2418891DB15603004505F2 /* Info.plist */,
			);
			path = CeldasALaMedida;
			sourceTree = "<group>";
		};
/* End PBXGroup section */

/* Begin PBXNativeTarget section */
		FB2418791DB15603004505F2 /* CeldasALaMedida */ = {
			isa = PBXNativeTarget;
			buildConfigurationList = FB24188C1DB15603004505F2 /* Build configuration list for PBXNativeTarget "CeldasALaMedida" */;
			buildPhases = (
				FB2418761DB15603004505F2 /* Sources */,
				FB2418771DB15603004505F2 /* Frameworks */,
				FB2418781DB15603004505F2 /* Resources */,
			);
			buildRules = (
			);
			dependencies = (
			);
			name = CeldasALaMedida;
			productName = CeldasALaMedida;
			productReference = FB24187A1DB15603004505F2 /* CeldasALaMedida.app */;
			productType = "com.apple.product-type.application";
		};
/* End PBXNativeTarget section */

/* Begin PBXProject section */
		FB2418721DB15603004505F2 /* Project object */ = {
			isa = PBXProject;
			attributes = {
				LastSwiftUpdateCheck = 0800;
				LastUpgradeCheck = 0800;
				ORGANIZATIONNAME = a;
				TargetAttributes = {
					FB2418791DB15603004505F2 = {
						CreatedOnToolsVersion = 8.0;
						ProvisioningStyle = Automatic;
					};
				};
			};
			buildConfigurationList = FB2418751DB15603004505F2 /* Build configuration list for PBXProject "CeldasALaMedida" */;
			compatibilityVersion = "Xcode 3.2";
			developmentRegion = English;
			hasScannedForEncodings = 0;
			knownRegions = (
				en,
				Base,
			);
			mainGroup = FB2418711DB15603004505F2;
			productRefGroup = FB24187B1DB15603004505F2 /* Products */;
			projectDirPath = "";
			projectRoot = "";
			targets = (
				FB2418791DB15603004505F2 /* CeldasALaMedida */,
			);
		};
/* End PBXProject section */

/* Begin PBXResourcesBuildPhase section */
		FB2418781DB15603004505F2 /* Resources */ = {
			isa = PBXResourcesBuildPhase;
			buildActionMask = 2147483647;
			files = (
				FB77131F1DB1594100F0D190 /* Property List.plist in Resources */,
				FB2418881DB15603004505F2 /* LaunchScreen.storyboard in Resources */,
				FB2418831DB15603004505F2 /* Main.storyboard in Resources */,
			);
			runOnlyForDeploymentPostprocessing = 0;
		};
/* End PBXResourcesBuildPhase section */

/* Begin PBXSourcesBuildPhase section */
		FB2418761DB15603004505F2 /* Sources */ = {
			isa = PBXSourcesBuildPhase;
			buildActionMask = 2147483647;
			files = (
				FB2418921DB156CD004505F2 /* CustomTableViewCell.swift in Sources */,
				FB24187E1DB15603004505F2 /* AppDelegate.swift in Sources */,
				FB2418901DB15664004505F2 /* TableViewController.swift in Sources */,
			);
			runOnlyForDeploymentPostprocessing = 0;
		};
/* End PBXSourcesBuildPhase section */

/* Begin PBXVariantGroup section */
		FB2418811DB15603004505F2 /* Main.storyboard */ = {
			isa = PBXVariantGroup;
			children = (
				FB2418821DB15603004505F2 /* Base */,
			);
			name = Main.storyboard;
			sourceTree = "<group>";
		};
		FB2418861DB15603004505F2 /* LaunchScreen.storyboard */ = {
			isa = PBXVariantGroup;
			children = (
				FB2418871DB15603004505F2 /* Base */,
			);
			name = LaunchScreen.storyboard;
			sourceTree = "<group>";
		};
/* End PBXVariantGroup section */

/* Begin XCBuildConfiguration section */
		FB24188A1DB15603004505F2 /* Debug */ = {
			isa = XCBuildConfiguration;
			buildSettings = {
				ALWAYS_SEARCH_USER_PATHS = NO;
				CLANG_ANALYZER_NONNULL = YES;
				CLANG_CXX_LANGUAGE_STANDARD = "gnu++0x";
				CLANG_CXX_LIBRARY = "libc++";
				CLANG_ENABLE_MODULES = YES;
				CLANG_ENABLE_OBJC_ARC = YES;
				CLANG_WARN_BOOL_CONVERSION = YES;
				CLANG_WARN_CONSTANT_CONVERSION = YES;
				CLANG_WARN_DIRECT_OBJC_ISA_USAGE = YES_ERROR;
				CLANG_WARN_DOCUMENTATION_COMMENTS = YES;
				CLANG_WARN_EMPTY_BODY = YES;
				CLANG_WARN_ENUM_CONVERSION = YES;
				CLANG_WARN_INFINITE_RECURSION = YES;
				CLANG_WARN_INT_CONVERSION = YES;
				CLANG_WARN_OBJC_ROOT_CLASS = YES_ERROR;
				CLANG_WARN_SUSPICIOUS_MOVES = YES;
				CLANG_WARN_UNREACHABLE_CODE = YES;
				CLANG_WARN__DUPLICATE_METHOD_MATCH = YES;
				"CODE_SIGN_IDENTITY[sdk=iphoneos*]" = "iPhone Developer";
				COPY_PHASE_STRIP = NO;
				DEBUG_INFORMATION_FORMAT = dwarf;
				ENABLE_STRICT_OBJC_MSGSEND = YES;
				ENABLE_TESTABILITY = YES;
				GCC_C_LANGUAGE_STANDARD = gnu99;
				GCC_DYNAMIC_NO_PIC = NO;
				GCC_NO_COMMON_BLOCKS = YES;
				GCC_OPTIMIZATION_LEVEL = 0;
				GCC_PREPROCESSOR_DEFINITIONS = (
					"DEBUG=1",
					"$(inherited)",
				);
				GCC_WARN_64_TO_32_BIT_CONVERSION = YES;
				GCC_WARN_ABOUT_RETURN_TYPE = YES_ERROR;
				GCC_WARN_UNDECLARED_SELECTOR = YES;
				GCC_WARN_UNINITIALIZED_AUTOS = YES_AGGRESSIVE;
				GCC_WARN_UNUSED_FUNCTION = YES;
				GCC_WARN_UNUSED_VARIABLE = YES;
				IPHONEOS_DEPLOYMENT_TARGET = 10.0;
				MTL_ENABLE_DEBUG_INFO = YES;
				ONLY_ACTIVE_ARCH = YES;
				SDKROOT = iphoneos;
				SWIFT_ACTIVE_COMPILATION_CONDITIONS = DEBUG;
				SWIFT_OPTIMIZATION_LEVEL = "-Onone";
			};
			name = Debug;
		};
		FB24188B1DB15603004505F2 /* Release */ = {
			isa = XCBuildConfiguration;
			buildSettings = {
				ALWAYS_SEARCH_USER_PATHS = NO;
				CLANG_ANALYZER_NONNULL = YES;
				CLANG_CXX_LANGUAGE_STANDARD = "gnu++0x";
				CLANG_CXX_LIBRARY = "libc++";
				CLANG_ENABLE_MODULES = YES;
				CLANG_ENABLE_OBJC_ARC = YES;
				CLANG_WARN_BOOL_CONVERSION = YES;
				CLANG_WARN_CONSTANT_CONVERSION = YES;
				CLANG_WARN_DIRECT_OBJC_ISA_USAGE = YES_ERROR;
				CLANG_WARN_DOCUMENTATION_COMMENTS = YES;
				CLANG_WARN_EMPTY_BODY = YES;
				CLANG_WARN_ENUM_CONVERSION = YES;
				CLANG_WARN_INFINITE_RECURSION = YES;
				CLANG_WARN_INT_CONVERSION = YES;
				CLANG_WARN_OBJC_ROOT_CLASS = YES_ERROR;
				CLANG_WARN_SUSPICIOUS_MOVES = YES;
				CLANG_WARN_UNREACHABLE_CODE = YES;
				CLANG_WARN__DUPLICATE_METHOD_MATCH = YES;
				"CODE_SIGN_IDENTITY[sdk=iphoneos*]" = "iPhone Developer";
				COPY_PHASE_STRIP = NO;
				DEBUG_INFORMATION_FORMAT = "dwarf-with-dsym";
				ENABLE_NS_ASSERTIONS = NO;
				ENABLE_STRICT_OBJC_MSGSEND = YES;
				GCC_C_LANGUAGE_STANDARD = gnu99;
				GCC_NO_COMMON_BLOCKS = YES;
				GCC_WARN_64_TO_32_BIT_CONVERSION = YES;
				GCC_WARN_ABOUT_RETURN_TYPE = YES_ERROR;
				GCC_WARN_UNDECLARED_SELECTOR = YES;
				GCC_WARN_UNINITIALIZED_AUTOS = YES_AGGRESSIVE;
				GCC_WARN_UNUSED_FUNCTION = YES;
				GCC_WARN_UNUSED_VARIABLE = YES;
				IPHONEOS_DEPLOYMENT_TARGET = 10.0;
				MTL_ENABLE_DEBUG_INFO = NO;
				SDKROOT = iphoneos;
				SWIFT_OPTIMIZATION_LEVEL = "-Owholemodule";
				VALIDATE_PRODUCT = YES;
			};
			name = Release;
		};
		FB24188D1DB15603004505F2 /* Debug */ = {
			isa = XCBuildConfiguration;
			buildSettings = {
				ASSETCATALOG_COMPILER_APPICON_NAME = AppIcon;
				INFOPLIST_FILE = CeldasALaMedida/Info.plist;
				LD_RUNPATH_SEARCH_PATHS = "$(inherited) @executable_path/Frameworks";
				PRODUCT_BUNDLE_IDENTIFIER = a.CeldasALaMedida;
				PRODUCT_NAME = "$(TARGET_NAME)";
				SWIFT_VERSION = 3.0;
			};
			name = Debug;
		};
		FB24188E1DB15603004505F2 /* Release */ = {
			isa = XCBuildConfiguration;
			buildSettings = {
				ASSETCATALOG_COMPILER_APPICON_NAME = AppIcon;
				INFOPLIST_FILE = CeldasALaMedida/Info.plist;
				LD_RUNPATH_SEARCH_PATHS = "$(inherited) @executable_path/Frameworks";
				PRODUCT_BUNDLE_IDENTIFIER = a.CeldasALaMedida;
				PRODUCT_NAME = "$(TARGET_NAME)";
				SWIFT_VERSION = 3.0;
			};
			name = Release;
		};
/* End XCBuildConfiguration section */

/* Begin XCConfigurationList section */
		FB2418751DB15603004505F2 /* Build configuration list for PBXProject "CeldasALaMedida" */ = {
			isa = XCConfigurationList;
			buildConfigurations = (
				FB24188A1DB15603004505F2 /* Debug */,
				FB24188B1DB15603004505F2 /* Release */,
			);
			defaultConfigurationIsVisible = 0;
			defaultConfigurationName = Release;
		};
		FB24188C1DB15603004505F2 /* Build configuration list for PBXNativeTarget "CeldasALaMedida" */ = {
			isa = XCConfigurationList;
			buildConfigurations = (
				FB24188D1DB15603004505F2 /* Debug */,
				FB24188E1DB15603004505F2 /* Release */,
			);
			defaultConfigurationIsVisible = 0;
			defaultConfigurationName = Release;
		};
/* End XCConfigurationList section */
	};
	rootObject = FB2418721DB15603004505F2 /* Project object */;
}
